PODS:
  - Flutter (1.0.0)
  - flutter_custom_tabs (0.0.1):
    - Flutter
  - flutter_money_formatter (0.0.1):
    - Flutter
  - flutter_webview_plugin (0.0.1):
    - Flutter
  - hexcolor (0.0.1):
    - Flutter
  - shared_preferences (0.0.1):
    - Flutter
  - url_launcher (0.0.1):
    - Flutter

DEPENDENCIES:
  - Flutter (from `Flutter`)
  - flutter_custom_tabs (from `.symlinks/plugins/flutter_custom_tabs/ios`)
  - flutter_money_formatter (from `.symlinks/plugins/flutter_money_formatter/ios`)
  - flutter_webview_plugin (from `.symlinks/plugins/flutter_webview_plugin/ios`)
  - hexcolor (from `.symlinks/plugins/hexcolor/ios`)
  - shared_preferences (from `.symlinks/plugins/shared_preferences/ios`)
  - url_launcher (from `.symlinks/plugins/url_launcher/ios`)

EXTERNAL SOURCES:
  Flutter:
    :path: Flutter
  flutter_custom_tabs:
    :path: ".symlinks/plugins/flutter_custom_tabs/ios"
  flutter_money_formatter:
    :path: ".symlinks/plugins/flutter_money_formatter/ios"
  flutter_webview_plugin:
    :path: ".symlinks/plugins/flutter_webview_plugin/ios"
  hexcolor:
    :path: ".symlinks/plugins/hexcolor/ios"
  shared_preferences:
    :path: ".symlinks/plugins/shared_preferences/ios"
  url_launcher:
    :path: ".symlinks/plugins/url_launcher/ios"

SPEC CHECKSUMS:
  Flutter: 50d75fe2f02b26cc09d224853bb45737f8b3214a
  flutter_custom_tabs: 9f7596dc1593f2e0d0562ce888dde6447751e97c
  flutter_money_formatter: d0d18ddc5be333fad8d09964d741b59fa11a91dc
  flutter_webview_plugin: ed9e8a6a96baf0c867e90e1bce2673913eeac694
  hexcolor: fdfb9c4258ad96e949c2dbcdf790a62194b8aa89
  shared_preferences: af6bfa751691cdc24be3045c43ec037377ada40d
  url_launcher: 6fef411d543ceb26efce54b05a0a40bfd74cbbef

PODFILE CHECKSUM: aafe91acc616949ddb318b77800a7f51bffa2a4c

COCOAPODS: 1.11.2
